
Microsoft Visual Studio Solution File, Format Version 12.00
# Visual Studio 15
VisualStudioVersion = 15.0.28307.779
MinimumVisualStudioVersion = 10.0.40219.1
Project("{FAE04EC0-301F-11D3-BF4B-00C04F79EFBC}") = "COMP2084Assigment", "COMP2084Assigment\COMP2084Assigment.csproj", "{147B9FF4-79CF-4BD6-B548-78EC8D1EAF93}"
EndProject
Global
	GlobalSection(SolutionConfigurationPlatforms) = preSolution
		Debug|Any CPU = Debug|Any CPU
		Release|Any CPU = Release|Any CPU
	EndGlobalSection
	GlobalSection(ProjectConfigurationPlatforms) = postSolution
		{147B9FF4-79CF-4BD6-B548-78EC8D1EAF93}.Debug|Any CPU.ActiveCfg = Debug|Any CPU
		{147B9FF4-79CF-4BD6-B548-78EC8D1EAF93}.Debug|Any CPU.Build.0 = Debug|Any CPU
		{147B9FF4-79CF-4BD6-B548-78EC8D1EAF93}.Release|Any CPU.ActiveCfg = Release|Any CPU
		{147B9FF4-79CF-4BD6-B548-78EC8D1EAF93}.Release|Any CPU.Build.0 = Release|Any CPU
	EndGlobalSection
	GlobalSection(SolutionProperties) = preSolution
		HideSolutionNode = FALSE
	EndGlobalSection
	GlobalSection(ExtensibilityGlobals) = postSolution
		SolutionGuid = {E243559C-6760-4E0A-8DFE-41A1D6BEF39E}
	EndGlobalSection
EndGlobal
