
Microsoft Visual Studio Solution File, Format Version 12.00
# Visual Studio 15
VisualStudioVersion = 15.0.28307.779
MinimumVisualStudioVersion = 10.0.40219.1
Project("{FAE04EC0-301F-11D3-BF4B-00C04F79EFBC}") = "COMP2084Store", "COMP2084Store\COMP2084Store.csproj", "{472C640F-4787-4388-B4CA-7ECEC6C8C488}"
EndProject
Global
	GlobalSection(SolutionConfigurationPlatforms) = preSolution
		Debug|Any CPU = Debug|Any CPU
		Release|Any CPU = Release|Any CPU
	EndGlobalSection
	GlobalSection(ProjectConfigurationPlatforms) = postSolution
		{472C640F-4787-4388-B4CA-7ECEC6C8C488}.Debug|Any CPU.ActiveCfg = Debug|Any CPU
		{472C640F-4787-4388-B4CA-7ECEC6C8C488}.Debug|Any CPU.Build.0 = Debug|Any CPU
		{472C640F-4787-4388-B4CA-7ECEC6C8C488}.Release|Any CPU.ActiveCfg = Release|Any CPU
		{472C640F-4787-4388-B4CA-7ECEC6C8C488}.Release|Any CPU.Build.0 = Release|Any CPU
	EndGlobalSection
	GlobalSection(SolutionProperties) = preSolution
		HideSolutionNode = FALSE
	EndGlobalSection
	GlobalSection(ExtensibilityGlobals) = postSolution
		SolutionGuid = {F16C8822-89D8-4269-A705-61DD4EDD13D7}
	EndGlobalSection
EndGlobal
