
Microsoft Visual Studio Solution File, Format Version 12.00
# Visual Studio 15
VisualStudioVersion = 15.0.28307.779
MinimumVisualStudioVersion = 10.0.40219.1
Project("{FAE04EC0-301F-11D3-BF4B-00C04F79EFBC}") = "ShoeStoreProject", "ShoeStoreProject\ShoeStoreProject.csproj", "{724CF5C6-9810-4264-A25D-53C65CD20795}"
EndProject
Global
	GlobalSection(SolutionConfigurationPlatforms) = preSolution
		Debug|Any CPU = Debug|Any CPU
		Release|Any CPU = Release|Any CPU
	EndGlobalSection
	GlobalSection(ProjectConfigurationPlatforms) = postSolution
		{724CF5C6-9810-4264-A25D-53C65CD20795}.Debug|Any CPU.ActiveCfg = Debug|Any CPU
		{724CF5C6-9810-4264-A25D-53C65CD20795}.Debug|Any CPU.Build.0 = Debug|Any CPU
		{724CF5C6-9810-4264-A25D-53C65CD20795}.Release|Any CPU.ActiveCfg = Release|Any CPU
		{724CF5C6-9810-4264-A25D-53C65CD20795}.Release|Any CPU.Build.0 = Release|Any CPU
	EndGlobalSection
	GlobalSection(SolutionProperties) = preSolution
		HideSolutionNode = FALSE
	EndGlobalSection
	GlobalSection(ExtensibilityGlobals) = postSolution
		SolutionGuid = {AEE3C6F7-3332-451D-9A0A-6822F8B1A1E4}
	EndGlobalSection
EndGlobal
