
Microsoft Visual Studio Solution File, Format Version 12.00
# Visual Studio 15
VisualStudioVersion = 15.0.28307.168
MinimumVisualStudioVersion = 10.0.40219.1
Project("{FAE04EC0-301F-11D3-BF4B-00C04F79EFBC}") = "WindowsFormsApp3", "WindowsFormsApp3\WindowsFormsApp3.csproj", "{C73CC8E1-D75D-4AB7-94D8-45F08F7EAE9C}"
EndProject
Project("{FAE04EC0-301F-11D3-BF4B-00C04F79EFBC}") = "ConsoleApp1", "ConsoleApp1\ConsoleApp1.csproj", "{708A46BA-82F1-45F3-A58F-E80AE401105F}"
EndProject
Global
	GlobalSection(SolutionConfigurationPlatforms) = preSolution
		Debug|Any CPU = Debug|Any CPU
		Release|Any CPU = Release|Any CPU
	EndGlobalSection
	GlobalSection(ProjectConfigurationPlatforms) = postSolution
		{C73CC8E1-D75D-4AB7-94D8-45F08F7EAE9C}.Debug|Any CPU.ActiveCfg = Debug|Any CPU
		{C73CC8E1-D75D-4AB7-94D8-45F08F7EAE9C}.Debug|Any CPU.Build.0 = Debug|Any CPU
		{C73CC8E1-D75D-4AB7-94D8-45F08F7EAE9C}.Release|Any CPU.ActiveCfg = Release|Any CPU
		{C73CC8E1-D75D-4AB7-94D8-45F08F7EAE9C}.Release|Any CPU.Build.0 = Release|Any CPU
		{708A46BA-82F1-45F3-A58F-E80AE401105F}.Debug|Any CPU.ActiveCfg = Debug|Any CPU
		{708A46BA-82F1-45F3-A58F-E80AE401105F}.Debug|Any CPU.Build.0 = Debug|Any CPU
		{708A46BA-82F1-45F3-A58F-E80AE401105F}.Release|Any CPU.ActiveCfg = Release|Any CPU
		{708A46BA-82F1-45F3-A58F-E80AE401105F}.Release|Any CPU.Build.0 = Release|Any CPU
	EndGlobalSection
	GlobalSection(SolutionProperties) = preSolution
		HideSolutionNode = FALSE
	EndGlobalSection
	GlobalSection(ExtensibilityGlobals) = postSolution
		SolutionGuid = {85E247AB-3DB8-4E63-B69E-94E337758DF4}
	EndGlobalSection
EndGlobal
