
Microsoft Visual Studio Solution File, Format Version 12.00
# Visual Studio 15
VisualStudioVersion = 15.0.28307.168
MinimumVisualStudioVersion = 10.0.40219.1
Project("{FAE04EC0-301F-11D3-BF4B-00C04F79EFBC}") = "MitchJson", "MitchJson\MitchJson.csproj", "{1F3FC291-589F-45F6-8867-E3E14C712A7B}"
EndProject
Global
	GlobalSection(SolutionConfigurationPlatforms) = preSolution
		Debug|Any CPU = Debug|Any CPU
		Release|Any CPU = Release|Any CPU
	EndGlobalSection
	GlobalSection(ProjectConfigurationPlatforms) = postSolution
		{1F3FC291-589F-45F6-8867-E3E14C712A7B}.Debug|Any CPU.ActiveCfg = Debug|Any CPU
		{1F3FC291-589F-45F6-8867-E3E14C712A7B}.Debug|Any CPU.Build.0 = Debug|Any CPU
		{1F3FC291-589F-45F6-8867-E3E14C712A7B}.Release|Any CPU.ActiveCfg = Release|Any CPU
		{1F3FC291-589F-45F6-8867-E3E14C712A7B}.Release|Any CPU.Build.0 = Release|Any CPU
	EndGlobalSection
	GlobalSection(SolutionProperties) = preSolution
		HideSolutionNode = FALSE
	EndGlobalSection
	GlobalSection(ExtensibilityGlobals) = postSolution
		SolutionGuid = {2FD75FDB-8780-4026-BD4E-BE282F933F19}
	EndGlobalSection
EndGlobal
