
Microsoft Visual Studio Solution File, Format Version 12.00
# Visual Studio 15
VisualStudioVersion = 15.0.28307.168
MinimumVisualStudioVersion = 10.0.40219.1
Project("{FAE04EC0-301F-11D3-BF4B-00C04F79EFBC}") = "WebApplicationEnd", "WebApplicationEnd\WebApplicationEnd.csproj", "{CA6F24FC-1CF0-4EC6-9BC2-6E7BCA1FCE04}"
EndProject
Global
	GlobalSection(SolutionConfigurationPlatforms) = preSolution
		Debug|Any CPU = Debug|Any CPU
		Release|Any CPU = Release|Any CPU
	EndGlobalSection
	GlobalSection(ProjectConfigurationPlatforms) = postSolution
		{CA6F24FC-1CF0-4EC6-9BC2-6E7BCA1FCE04}.Debug|Any CPU.ActiveCfg = Debug|Any CPU
		{CA6F24FC-1CF0-4EC6-9BC2-6E7BCA1FCE04}.Debug|Any CPU.Build.0 = Debug|Any CPU
		{CA6F24FC-1CF0-4EC6-9BC2-6E7BCA1FCE04}.Release|Any CPU.ActiveCfg = Release|Any CPU
		{CA6F24FC-1CF0-4EC6-9BC2-6E7BCA1FCE04}.Release|Any CPU.Build.0 = Release|Any CPU
	EndGlobalSection
	GlobalSection(SolutionProperties) = preSolution
		HideSolutionNode = FALSE
	EndGlobalSection
	GlobalSection(ExtensibilityGlobals) = postSolution
		SolutionGuid = {356A2C4C-68E9-41DC-B917-E39524CC0650}
	EndGlobalSection
EndGlobal
