
Microsoft Visual Studio Solution File, Format Version 12.00
# Visual Studio 15
VisualStudioVersion = 15.0.28307.168
MinimumVisualStudioVersion = 10.0.40219.1
Project("{FAE04EC0-301F-11D3-BF4B-00C04F79EFBC}") = "DateTimeLab", "DateTimeLab\DateTimeLab.csproj", "{AD4FC345-E05C-42EE-886F-D706247685D1}"
EndProject
Global
	GlobalSection(SolutionConfigurationPlatforms) = preSolution
		Debug|Any CPU = Debug|Any CPU
		Release|Any CPU = Release|Any CPU
	EndGlobalSection
	GlobalSection(ProjectConfigurationPlatforms) = postSolution
		{AD4FC345-E05C-42EE-886F-D706247685D1}.Debug|Any CPU.ActiveCfg = Debug|Any CPU
		{AD4FC345-E05C-42EE-886F-D706247685D1}.Debug|Any CPU.Build.0 = Debug|Any CPU
		{AD4FC345-E05C-42EE-886F-D706247685D1}.Release|Any CPU.ActiveCfg = Release|Any CPU
		{AD4FC345-E05C-42EE-886F-D706247685D1}.Release|Any CPU.Build.0 = Release|Any CPU
	EndGlobalSection
	GlobalSection(SolutionProperties) = preSolution
		HideSolutionNode = FALSE
	EndGlobalSection
	GlobalSection(ExtensibilityGlobals) = postSolution
		SolutionGuid = {75D6A7EC-4299-4DA8-B206-D1AE8802E5EE}
	EndGlobalSection
EndGlobal
