
Microsoft Visual Studio Solution File, Format Version 12.00
# Visual Studio 15
VisualStudioVersion = 15.0.28307.168
MinimumVisualStudioVersion = 10.0.40219.1
Project("{FAE04EC0-301F-11D3-BF4B-00C04F79EFBC}") = "ConsoleApp4", "ConsoleApp4\ConsoleApp4.csproj", "{3889E6DB-D19E-40B0-B497-5D8C652E5D17}"
EndProject
Global
	GlobalSection(SolutionConfigurationPlatforms) = preSolution
		Debug|Any CPU = Debug|Any CPU
		Release|Any CPU = Release|Any CPU
	EndGlobalSection
	GlobalSection(ProjectConfigurationPlatforms) = postSolution
		{3889E6DB-D19E-40B0-B497-5D8C652E5D17}.Debug|Any CPU.ActiveCfg = Debug|Any CPU
		{3889E6DB-D19E-40B0-B497-5D8C652E5D17}.Debug|Any CPU.Build.0 = Debug|Any CPU
		{3889E6DB-D19E-40B0-B497-5D8C652E5D17}.Release|Any CPU.ActiveCfg = Release|Any CPU
		{3889E6DB-D19E-40B0-B497-5D8C652E5D17}.Release|Any CPU.Build.0 = Release|Any CPU
	EndGlobalSection
	GlobalSection(SolutionProperties) = preSolution
		HideSolutionNode = FALSE
	EndGlobalSection
	GlobalSection(ExtensibilityGlobals) = postSolution
		SolutionGuid = {750CA36D-D4BF-4838-8273-02922CC069DF}
	EndGlobalSection
EndGlobal
